{
  "originHash" : "4dbca4a711a2e858c563561fa3dfde28ad8736406f639278d9b232806a101901",
  "pins" : [
    {
      "identity" : "adhan-swift",
      "kind" : "remoteSourceControl",
      "location" : "https://github.com/batoulapps/adhan-swift",
      "state" : {
        "revision" : "6dc8309951fdaa0cd124c52b9a8de7e0da1ff2ce",
        "version" : "1.4.0"
      }
    },
    {
      "identity" : "lottie-ios",
      "kind" : "remoteSourceControl",
      "location" : "https://github.com/airbnb/lottie-ios",
      "state" : {
        "revision" : "7fe8b6f697ae7db4bf0df270119592cb5d502848",
        "version" : "4.4.1"
      }
    },
    {
      "identity" : "swift-request",
      "kind" : "remoteSourceControl",
      "location" : "https://github.com/carson-katri/swift-request",
      "state" : {
        "revision" : "6266d884d7ded618cceb0e0920431be4d6f4c4aa",
        "version" : "1.4.0"
      }
    }
  ],
  "version" : 3
}
